
Microsoft Visual Studio Solution File, Format Version 12.00
Project("{FAE04EC0-301F-11D3-BF4B-00C04F79EFBC}") = "RestWebApp.Contracts", "RestWebApp.Contracts\RestWebApp.Contracts.csproj", "{7C34F441-C760-4D77-8E9E-D104C59A59D8}"
EndProject
Project("{FAE04EC0-301F-11D3-BF4B-00C04F79EFBC}") = "RestWebApp.Entities", "RestWebApp.Entities\RestWebApp.Entities.csproj", "{233C686D-89AE-43B5-8A6E-938C3C3C1204}"
EndProject
Project("{FAE04EC0-301F-11D3-BF4B-00C04F79EFBC}") = "RestWebApp.Repository", "RestWebApp.Repository\RestWebApp.Repository.csproj", "{BABC2D40-28A7-4D71-9DCA-D8525A879400}"
EndProject
Project("{FAE04EC0-301F-11D3-BF4B-00C04F79EFBC}") = "RestWebApp.API", "RestWebApp.API\RestWebApp.API.csproj", "{74C86E85-064C-4221-8BBC-C10E75E33B8A}"
EndProject
Global
	GlobalSection(SolutionConfigurationPlatforms) = preSolution
		Debug|Any CPU = Debug|Any CPU
		Release|Any CPU = Release|Any CPU
	EndGlobalSection
	GlobalSection(ProjectConfigurationPlatforms) = postSolution
		{7C34F441-C760-4D77-8E9E-D104C59A59D8}.Debug|Any CPU.ActiveCfg = Debug|Any CPU
		{7C34F441-C760-4D77-8E9E-D104C59A59D8}.Debug|Any CPU.Build.0 = Debug|Any CPU
		{7C34F441-C760-4D77-8E9E-D104C59A59D8}.Release|Any CPU.ActiveCfg = Release|Any CPU
		{7C34F441-C760-4D77-8E9E-D104C59A59D8}.Release|Any CPU.Build.0 = Release|Any CPU
		{233C686D-89AE-43B5-8A6E-938C3C3C1204}.Debug|Any CPU.ActiveCfg = Debug|Any CPU
		{233C686D-89AE-43B5-8A6E-938C3C3C1204}.Debug|Any CPU.Build.0 = Debug|Any CPU
		{233C686D-89AE-43B5-8A6E-938C3C3C1204}.Release|Any CPU.ActiveCfg = Release|Any CPU
		{233C686D-89AE-43B5-8A6E-938C3C3C1204}.Release|Any CPU.Build.0 = Release|Any CPU
		{BABC2D40-28A7-4D71-9DCA-D8525A879400}.Debug|Any CPU.ActiveCfg = Debug|Any CPU
		{BABC2D40-28A7-4D71-9DCA-D8525A879400}.Debug|Any CPU.Build.0 = Debug|Any CPU
		{BABC2D40-28A7-4D71-9DCA-D8525A879400}.Release|Any CPU.ActiveCfg = Release|Any CPU
		{BABC2D40-28A7-4D71-9DCA-D8525A879400}.Release|Any CPU.Build.0 = Release|Any CPU
		{74C86E85-064C-4221-8BBC-C10E75E33B8A}.Debug|Any CPU.ActiveCfg = Debug|Any CPU
		{74C86E85-064C-4221-8BBC-C10E75E33B8A}.Debug|Any CPU.Build.0 = Debug|Any CPU
		{74C86E85-064C-4221-8BBC-C10E75E33B8A}.Release|Any CPU.ActiveCfg = Release|Any CPU
		{74C86E85-064C-4221-8BBC-C10E75E33B8A}.Release|Any CPU.Build.0 = Release|Any CPU
	EndGlobalSection
EndGlobal
